
Microsoft Visual Studio Solution File, Format Version 12.00
# Visual Studio Version 17
VisualStudioVersion = 17.9.34728.123
MinimumVisualStudioVersion = 10.0.40219.1
Project("{2150E333-8FDC-42A3-9474-1A3956D46DE8}") = "src", "src", "{B984296A-3C8D-46A8-A4EF-769233A964CE}"
EndProject
Project("{2150E333-8FDC-42A3-9474-1A3956D46DE8}") = "tests", "tests", "{B476F509-4694-438F-8F6F-D82AB59F5531}"
EndProject
Project("{2150E333-8FDC-42A3-9474-1A3956D46DE8}") = "4 - Domain", "4 - Domain", "{018AB5BA-0CD8-474A-8E7B-021A39C55DAF}"
EndProject
Project("{2150E333-8FDC-42A3-9474-1A3956D46DE8}") = "3 - Infra", "3 - Infra", "{2B338B22-6A06-4545-B084-6D0FF87A226C}"
EndProject
Project("{2150E333-8FDC-42A3-9474-1A3956D46DE8}") = "2 - Services", "2 - Services", "{431FDAF1-1FB9-4387-9A00-F96B54E500D0}"
EndProject
Project("{2150E333-8FDC-42A3-9474-1A3956D46DE8}") = "1 - Presentation", "1 - Presentation", "{18F3E62B-9F02-4AFB-8AB9-40F5EDB5CA7E}"
EndProject
Project("{9A19103F-16F7-4668-BE54-9A1E7A4F7556}") = "Domain", "src\Domain\Domain.csproj", "{26776C5B-144E-4C4B-AF1C-73F5F9E097FA}"
EndProject
Project("{9A19103F-16F7-4668-BE54-9A1E7A4F7556}") = "Infra", "src\Infra\Infra.csproj", "{16BD1E0E-51B3-4AD9-AA20-9527CEAFF993}"
EndProject
Project("{9A19103F-16F7-4668-BE54-9A1E7A4F7556}") = "Services", "src\Services\Services.csproj", "{61A0F141-4221-42FA-A323-FEB14F73CB88}"
EndProject
Project("{9A19103F-16F7-4668-BE54-9A1E7A4F7556}") = "Api", "src\Api\Api.csproj", "{DA51894F-8027-4E5B-983D-01514613E257}"
EndProject
Project("{FAE04EC0-301F-11D3-BF4B-00C04F79EFBC}") = "Tests", "tests\Tests\Tests.csproj", "{BBFE5FDE-32E0-4BDB-81A3-5E23663213F6}"
EndProject
Global
	GlobalSection(SolutionConfigurationPlatforms) = preSolution
		Debug|Any CPU = Debug|Any CPU
		Release|Any CPU = Release|Any CPU
	EndGlobalSection
	GlobalSection(ProjectConfigurationPlatforms) = postSolution
		{26776C5B-144E-4C4B-AF1C-73F5F9E097FA}.Debug|Any CPU.ActiveCfg = Debug|Any CPU
		{26776C5B-144E-4C4B-AF1C-73F5F9E097FA}.Debug|Any CPU.Build.0 = Debug|Any CPU
		{26776C5B-144E-4C4B-AF1C-73F5F9E097FA}.Release|Any CPU.ActiveCfg = Release|Any CPU
		{26776C5B-144E-4C4B-AF1C-73F5F9E097FA}.Release|Any CPU.Build.0 = Release|Any CPU
		{16BD1E0E-51B3-4AD9-AA20-9527CEAFF993}.Debug|Any CPU.ActiveCfg = Debug|Any CPU
		{16BD1E0E-51B3-4AD9-AA20-9527CEAFF993}.Debug|Any CPU.Build.0 = Debug|Any CPU
		{16BD1E0E-51B3-4AD9-AA20-9527CEAFF993}.Release|Any CPU.ActiveCfg = Release|Any CPU
		{16BD1E0E-51B3-4AD9-AA20-9527CEAFF993}.Release|Any CPU.Build.0 = Release|Any CPU
		{61A0F141-4221-42FA-A323-FEB14F73CB88}.Debug|Any CPU.ActiveCfg = Debug|Any CPU
		{61A0F141-4221-42FA-A323-FEB14F73CB88}.Debug|Any CPU.Build.0 = Debug|Any CPU
		{61A0F141-4221-42FA-A323-FEB14F73CB88}.Release|Any CPU.ActiveCfg = Release|Any CPU
		{61A0F141-4221-42FA-A323-FEB14F73CB88}.Release|Any CPU.Build.0 = Release|Any CPU
		{DA51894F-8027-4E5B-983D-01514613E257}.Debug|Any CPU.ActiveCfg = Debug|Any CPU
		{DA51894F-8027-4E5B-983D-01514613E257}.Debug|Any CPU.Build.0 = Debug|Any CPU
		{DA51894F-8027-4E5B-983D-01514613E257}.Release|Any CPU.ActiveCfg = Release|Any CPU
		{DA51894F-8027-4E5B-983D-01514613E257}.Release|Any CPU.Build.0 = Release|Any CPU
		{BBFE5FDE-32E0-4BDB-81A3-5E23663213F6}.Debug|Any CPU.ActiveCfg = Debug|Any CPU
		{BBFE5FDE-32E0-4BDB-81A3-5E23663213F6}.Debug|Any CPU.Build.0 = Debug|Any CPU
		{BBFE5FDE-32E0-4BDB-81A3-5E23663213F6}.Release|Any CPU.ActiveCfg = Release|Any CPU
		{BBFE5FDE-32E0-4BDB-81A3-5E23663213F6}.Release|Any CPU.Build.0 = Release|Any CPU
	EndGlobalSection
	GlobalSection(SolutionProperties) = preSolution
		HideSolutionNode = FALSE
	EndGlobalSection
	GlobalSection(NestedProjects) = preSolution
		{018AB5BA-0CD8-474A-8E7B-021A39C55DAF} = {B984296A-3C8D-46A8-A4EF-769233A964CE}
		{2B338B22-6A06-4545-B084-6D0FF87A226C} = {B984296A-3C8D-46A8-A4EF-769233A964CE}
		{431FDAF1-1FB9-4387-9A00-F96B54E500D0} = {B984296A-3C8D-46A8-A4EF-769233A964CE}
		{18F3E62B-9F02-4AFB-8AB9-40F5EDB5CA7E} = {B984296A-3C8D-46A8-A4EF-769233A964CE}
		{26776C5B-144E-4C4B-AF1C-73F5F9E097FA} = {018AB5BA-0CD8-474A-8E7B-021A39C55DAF}
		{16BD1E0E-51B3-4AD9-AA20-9527CEAFF993} = {2B338B22-6A06-4545-B084-6D0FF87A226C}
		{61A0F141-4221-42FA-A323-FEB14F73CB88} = {431FDAF1-1FB9-4387-9A00-F96B54E500D0}
		{DA51894F-8027-4E5B-983D-01514613E257} = {18F3E62B-9F02-4AFB-8AB9-40F5EDB5CA7E}
		{BBFE5FDE-32E0-4BDB-81A3-5E23663213F6} = {B476F509-4694-438F-8F6F-D82AB59F5531}
	EndGlobalSection
	GlobalSection(ExtensibilityGlobals) = postSolution
		SolutionGuid = {CC22D0E4-A614-4653-AC76-E778ABECAF60}
	EndGlobalSection
EndGlobal
